name: Lock Threads

on:
  schedule:
    - cron: "0 7 * * *"
  workflow_dispatch:

permissions:
  issues: write
  pull-requests: write

jobs:
  lock:
    if: github.repository == 'oaslananka-lab/fovux'
    runs-on: ubuntu-24.04
    steps:
      - uses: dessant/lock-threads@7266a7ce5c1df01b1c6db85bf8cd86c737dadbe7
        with:
          issue-inactive-days: 30
          pr-inactive-days: 30
          issue-lock-reason: "resolved"
